
Microsoft Visual Studio Solution File, Format Version 12.00
# Visual Studio Version 16
VisualStudioVersion = 16.0.30204.135
MinimumVisualStudioVersion = 10.0.40219.1
Project("{FAE04EC0-301F-11D3-BF4B-00C04F79EFBC}") = "IndeedCrawler_High_Bid", "IndeedCrawler\IndeedCrawler_High_Bid.csproj", "{4782658E-E302-402B-8422-E24D1F4D3E6A}"
EndProject
Project("{FAE04EC0-301F-11D3-BF4B-00C04F79EFBC}") = "PandoLogicCrawler", "crawler\PandoLogicCrawler.csproj", "{C0DD1A83-F32C-4E06-AFC5-1989ACF1C7F4}"
EndProject
Project("{FAE04EC0-301F-11D3-BF4B-00C04F79EFBC}") = "Amazon_Job_Indeed_Comarision_Check", "AmazonJobComarisionCheck\Amazon_Job_Indeed_Comarision_Check.csproj", "{5345BAFB-245E-47DC-A9B8-142D2D3ED0C8}"
EndProject
Project("{FAE04EC0-301F-11D3-BF4B-00C04F79EFBC}") = "Shared", "Shared\Shared.csproj", "{2FD518BC-6A5B-4B95-97ED-2B4A729EBFEF}"
EndProject
Project("{FAE04EC0-301F-11D3-BF4B-00C04F79EFBC}") = "Indeed_All_Job_Page_Crawler", "Indeed_All_Job_Page_Crawler\Indeed_All_Job_Page_Crawler.csproj", "{07A41E8F-66F2-4A75-8A7B-BC60EAB9B859}"
EndProject
Project("{FAE04EC0-301F-11D3-BF4B-00C04F79EFBC}") = "SnagAJob_Crawl_All", "SnagAJob_Crawl_All\SnagAJob_Crawl_All.csproj", "{41D0A870-661C-43BC-B2E0-A189013BDA93}"
EndProject
Project("{FAE04EC0-301F-11D3-BF4B-00C04F79EFBC}") = "Job_2_Career_crawler", "Job_2_Career_crawler\Job_2_Career_crawler.csproj", "{2133DFC0-F3AD-4E54-8568-E20629313A24}"
EndProject
Project("{FAE04EC0-301F-11D3-BF4B-00C04F79EFBC}") = "Amazon_Job_ZipRecruiter_Comparision_Check", "Amazon_Job_ZipRecruiter_Comparision_Check\Amazon_Job_ZipRecruiter_Comparision_Check.csproj", "{F587D7E9-AD29-4CEB-921F-5AFF38F63152}"
EndProject
Project("{FAE04EC0-301F-11D3-BF4B-00C04F79EFBC}") = "ziprecruiter_all_job_crawl", "ziprecruiter_all_job_crawl\ziprecruiter_all_job_crawl.csproj", "{9D5176E1-6462-4F31-9B1D-89F65C81CC30}"
EndProject
Project("{FAE04EC0-301F-11D3-BF4B-00C04F79EFBC}") = "Jab2Careers_All_Job_Crawl", "Jab2Careers_All_Job_Crawl\Jab2Careers_All_Job_Crawl.csproj", "{7C30F791-1A62-4CB4-97E2-C2FBB142E01E}"
EndProject
Global
	GlobalSection(SolutionConfigurationPlatforms) = preSolution
		Debug|Any CPU = Debug|Any CPU
		Release|Any CPU = Release|Any CPU
	EndGlobalSection
	GlobalSection(ProjectConfigurationPlatforms) = postSolution
		{4782658E-E302-402B-8422-E24D1F4D3E6A}.Debug|Any CPU.ActiveCfg = Debug|Any CPU
		{4782658E-E302-402B-8422-E24D1F4D3E6A}.Debug|Any CPU.Build.0 = Debug|Any CPU
		{4782658E-E302-402B-8422-E24D1F4D3E6A}.Release|Any CPU.ActiveCfg = Release|Any CPU
		{4782658E-E302-402B-8422-E24D1F4D3E6A}.Release|Any CPU.Build.0 = Release|Any CPU
		{C0DD1A83-F32C-4E06-AFC5-1989ACF1C7F4}.Debug|Any CPU.ActiveCfg = Debug|Any CPU
		{C0DD1A83-F32C-4E06-AFC5-1989ACF1C7F4}.Debug|Any CPU.Build.0 = Debug|Any CPU
		{C0DD1A83-F32C-4E06-AFC5-1989ACF1C7F4}.Release|Any CPU.ActiveCfg = Release|Any CPU
		{C0DD1A83-F32C-4E06-AFC5-1989ACF1C7F4}.Release|Any CPU.Build.0 = Release|Any CPU
		{5345BAFB-245E-47DC-A9B8-142D2D3ED0C8}.Debug|Any CPU.ActiveCfg = Debug|Any CPU
		{5345BAFB-245E-47DC-A9B8-142D2D3ED0C8}.Debug|Any CPU.Build.0 = Debug|Any CPU
		{5345BAFB-245E-47DC-A9B8-142D2D3ED0C8}.Release|Any CPU.ActiveCfg = Release|Any CPU
		{5345BAFB-245E-47DC-A9B8-142D2D3ED0C8}.Release|Any CPU.Build.0 = Release|Any CPU
		{2FD518BC-6A5B-4B95-97ED-2B4A729EBFEF}.Debug|Any CPU.ActiveCfg = Debug|Any CPU
		{2FD518BC-6A5B-4B95-97ED-2B4A729EBFEF}.Debug|Any CPU.Build.0 = Debug|Any CPU
		{2FD518BC-6A5B-4B95-97ED-2B4A729EBFEF}.Release|Any CPU.ActiveCfg = Release|Any CPU
		{2FD518BC-6A5B-4B95-97ED-2B4A729EBFEF}.Release|Any CPU.Build.0 = Release|Any CPU
		{07A41E8F-66F2-4A75-8A7B-BC60EAB9B859}.Debug|Any CPU.ActiveCfg = Debug|Any CPU
		{07A41E8F-66F2-4A75-8A7B-BC60EAB9B859}.Debug|Any CPU.Build.0 = Debug|Any CPU
		{07A41E8F-66F2-4A75-8A7B-BC60EAB9B859}.Release|Any CPU.ActiveCfg = Release|Any CPU
		{07A41E8F-66F2-4A75-8A7B-BC60EAB9B859}.Release|Any CPU.Build.0 = Release|Any CPU
		{41D0A870-661C-43BC-B2E0-A189013BDA93}.Debug|Any CPU.ActiveCfg = Debug|Any CPU
		{41D0A870-661C-43BC-B2E0-A189013BDA93}.Debug|Any CPU.Build.0 = Debug|Any CPU
		{41D0A870-661C-43BC-B2E0-A189013BDA93}.Release|Any CPU.ActiveCfg = Release|Any CPU
		{41D0A870-661C-43BC-B2E0-A189013BDA93}.Release|Any CPU.Build.0 = Release|Any CPU
		{2133DFC0-F3AD-4E54-8568-E20629313A24}.Debug|Any CPU.ActiveCfg = Debug|Any CPU
		{2133DFC0-F3AD-4E54-8568-E20629313A24}.Debug|Any CPU.Build.0 = Debug|Any CPU
		{2133DFC0-F3AD-4E54-8568-E20629313A24}.Release|Any CPU.ActiveCfg = Release|Any CPU
		{2133DFC0-F3AD-4E54-8568-E20629313A24}.Release|Any CPU.Build.0 = Release|Any CPU
		{F587D7E9-AD29-4CEB-921F-5AFF38F63152}.Debug|Any CPU.ActiveCfg = Debug|Any CPU
		{F587D7E9-AD29-4CEB-921F-5AFF38F63152}.Debug|Any CPU.Build.0 = Debug|Any CPU
		{F587D7E9-AD29-4CEB-921F-5AFF38F63152}.Release|Any CPU.ActiveCfg = Release|Any CPU
		{F587D7E9-AD29-4CEB-921F-5AFF38F63152}.Release|Any CPU.Build.0 = Release|Any CPU
		{9D5176E1-6462-4F31-9B1D-89F65C81CC30}.Debug|Any CPU.ActiveCfg = Debug|Any CPU
		{9D5176E1-6462-4F31-9B1D-89F65C81CC30}.Debug|Any CPU.Build.0 = Debug|Any CPU
		{9D5176E1-6462-4F31-9B1D-89F65C81CC30}.Release|Any CPU.ActiveCfg = Release|Any CPU
		{9D5176E1-6462-4F31-9B1D-89F65C81CC30}.Release|Any CPU.Build.0 = Release|Any CPU
		{7C30F791-1A62-4CB4-97E2-C2FBB142E01E}.Debug|Any CPU.ActiveCfg = Debug|Any CPU
		{7C30F791-1A62-4CB4-97E2-C2FBB142E01E}.Debug|Any CPU.Build.0 = Debug|Any CPU
		{7C30F791-1A62-4CB4-97E2-C2FBB142E01E}.Release|Any CPU.ActiveCfg = Release|Any CPU
		{7C30F791-1A62-4CB4-97E2-C2FBB142E01E}.Release|Any CPU.Build.0 = Release|Any CPU
	EndGlobalSection
	GlobalSection(SolutionProperties) = preSolution
		HideSolutionNode = FALSE
	EndGlobalSection
	GlobalSection(ExtensibilityGlobals) = postSolution
		SolutionGuid = {61513AFB-57DB-4588-A11D-E7F0FDF8A0A0}
	EndGlobalSection
EndGlobal
